// !$*UTF8*$!
{
	archiveVersion = 1;
	classes = {
	};
	objectVersion = 46;
	objects = {

/* Begin PBXBuildFile section */
		A66EA6A61D9A4BFD00883144 /* main.m in Sources */ = {isa = PBXBuildFile; fileRef = A66EA6A51D9A4BFD00883144 /* main.m */; };
		A66EA6A91D9A4BFD00883144 /* AppDelegate.m in Sources */ = {isa = PBXBuildFile; fileRef = A66EA6A81D9A4BFD00883144 /* AppDelegate.m */; };
		A66EA6AC1D9A4BFD00883144 /* ViewController.m in Sources */ = {isa = PBXBuildFile; fileRef = A66EA6AB1D9A4BFD00883144 /* ViewController.m */; };
		A66EA6AF1D9A4BFD00883144 /* Main.storyboard in Resources */ = {isa = PBXBuildFile; fileRef = A66EA6AD1D9A4BFD00883144 /* Main.storyboard */; };
		A66EA6B11D9A4BFD00883144 /* Assets.xcassets in Resources */ = {isa = PBXBuildFile; fileRef = A66EA6B01D9A4BFD00883144 /* Assets.xcassets */; };
		A66EA6B41D9A4BFD00883144 /* LaunchScreen.storyboard in Resources */ = {isa = PBXBuildFile; fileRef = A66EA6B21D9A4BFD00883144 /* LaunchScreen.storyboard */; };
		A66EA6C31D9A4C1800883144 /* Contans.m in Sources */ = {isa = PBXBuildFile; fileRef = A66EA6BC1D9A4C1800883144 /* Contans.m */; };
		A66EA6C41D9A4C1800883144 /* AnimatedULogoView.m in Sources */ = {isa = PBXBuildFile; fileRef = A66EA6BE1D9A4C1800883144 /* AnimatedULogoView.m */; };
		A66EA6C51D9A4C1800883144 /* TileGridView.m in Sources */ = {isa = PBXBuildFile; fileRef = A66EA6C01D9A4C1800883144 /* TileGridView.m */; };
		A66EA6C61D9A4C1800883144 /* TileView.m in Sources */ = {isa = PBXBuildFile; fileRef = A66EA6C21D9A4C1800883144 /* TileView.m */; };
/* End PBXBuildFile section */

/* Begin PBXFileReference section */
		A66EA6A11D9A4BFD00883144 /* UberLaunchAnimating_OC.app */ = {isa = PBXFileReference; explicitFileType = wrapper.application; includeInIndex = 0; path = UberLaunchAnimating_OC.app; sourceTree = BUILT_PRODUCTS_DIR; };
		A66EA6A51D9A4BFD00883144 /* main.m */ = {isa = PBXFileReference; lastKnownFileType = sourcecode.c.objc; path = main.m; sourceTree = "<group>"; };
		A66EA6A71D9A4BFD00883144 /* AppDelegate.h */ = {isa = PBXFileReference; lastKnownFileType = sourcecode.c.h; path = AppDelegate.h; sourceTree = "<group>"; };
		A66EA6A81D9A4BFD00883144 /* AppDelegate.m */ = {isa = PBXFileReference; lastKnownFileType = sourcecode.c.objc; path = AppDelegate.m; sourceTree = "<group>"; };
		A66EA6AA1D9A4BFD00883144 /* ViewController.h */ = {isa = PBXFileReference; lastKnownFileType = sourcecode.c.h; path = ViewController.h; sourceTree = "<group>"; };
		A66EA6AB1D9A4BFD00883144 /* ViewController.m */ = {isa = PBXFileReference; lastKnownFileType = sourcecode.c.objc; path = ViewController.m; sourceTree = "<group>"; };
		A66EA6AE1D9A4BFD00883144 /* Base */ = {isa = PBXFileReference; lastKnownFileType = file.storyboard; name = Base; path = Base.lproj/Main.storyboard; sourceTree = "<group>"; };
		A66EA6B01D9A4BFD00883144 /* Assets.xcassets */ = {isa = PBXFileReference; lastKnownFileType = folder.assetcatalog; path = Assets.xcassets; sourceTree = "<group>"; };
		A66EA6B31D9A4BFD00883144 /* Base */ = {isa = PBXFileReference; lastKnownFileType = file.storyboard; name = Base; path = Base.lproj/LaunchScreen.storyboard; sourceTree = "<group>"; };
		A66EA6B51D9A4BFD00883144 /* Info.plist */ = {isa = PBXFileReference; lastKnownFileType = text.plist.xml; path = Info.plist; sourceTree = "<group>"; };
		A66EA6BB1D9A4C1800883144 /* Contans.h */ = {isa = PBXFileReference; fileEncoding = 4; lastKnownFileType = sourcecode.c.h; path = Contans.h; sourceTree = "<group>"; };
		A66EA6BC1D9A4C1800883144 /* Contans.m */ = {isa = PBXFileReference; fileEncoding = 4; lastKnownFileType = sourcecode.c.objc; path = Contans.m; sourceTree = "<group>"; };
		A66EA6BD1D9A4C1800883144 /* AnimatedULogoView.h */ = {isa = PBXFileReference; fileEncoding = 4; lastKnownFileType = sourcecode.c.h; path = AnimatedULogoView.h; sourceTree = "<group>"; };
		A66EA6BE1D9A4C1800883144 /* AnimatedULogoView.m */ = {isa = PBXFileReference; fileEncoding = 4; lastKnownFileType = sourcecode.c.objc; path = AnimatedULogoView.m; sourceTree = "<group>"; };
		A66EA6BF1D9A4C1800883144 /* TileGridView.h */ = {isa = PBXFileReference; fileEncoding = 4; lastKnownFileType = sourcecode.c.h; path = TileGridView.h; sourceTree = "<group>"; };
		A66EA6C01D9A4C1800883144 /* TileGridView.m */ = {isa = PBXFileReference; fileEncoding = 4; lastKnownFileType = sourcecode.c.objc; path = TileGridView.m; sourceTree = "<group>"; };
		A66EA6C11D9A4C1800883144 /* TileView.h */ = {isa = PBXFileReference; fileEncoding = 4; lastKnownFileType = sourcecode.c.h; path = TileView.h; sourceTree = "<group>"; };
		A66EA6C21D9A4C1800883144 /* TileView.m */ = {isa = PBXFileReference; fileEncoding = 4; lastKnownFileType = sourcecode.c.objc; path = TileView.m; sourceTree = "<group>"; };
/* End PBXFileReference section */

/* Begin PBXFrameworksBuildPhase section */
		A66EA69E1D9A4BFD00883144 /* Frameworks */ = {
			isa = PBXFrameworksBuildPhase;
			buildActionMask = 2147483647;
			files = (
			);
			runOnlyForDeploymentPostprocessing = 0;
		};
/* End PBXFrameworksBuildPhase section */

/* Begin PBXGroup section */
		A66EA6981D9A4BFD00883144 = {
			isa = PBXGroup;
			children = (
				A66EA6A31D9A4BFD00883144 /* UberLaunchAnimating_OC */,
				A66EA6A21D9A4BFD00883144 /* Products */,
			);
			sourceTree = "<group>";
		};
		A66EA6A21D9A4BFD00883144 /* Products */ = {
			isa = PBXGroup;
			children = (
				A66EA6A11D9A4BFD00883144 /* UberLaunchAnimating_OC.app */,
			);
			name = Products;
			sourceTree = "<group>";
		};
		A66EA6A31D9A4BFD00883144 /* UberLaunchAnimating_OC */ = {
			isa = PBXGroup;
			children = (
				A66EA6BB1D9A4C1800883144 /* Contans.h */,
				A66EA6BC1D9A4C1800883144 /* Contans.m */,
				A66EA6BD1D9A4C1800883144 /* AnimatedULogoView.h */,
				A66EA6BE1D9A4C1800883144 /* AnimatedULogoView.m */,
				A66EA6BF1D9A4C1800883144 /* TileGridView.h */,
				A66EA6C01D9A4C1800883144 /* TileGridView.m */,
				A66EA6C11D9A4C1800883144 /* TileView.h */,
				A66EA6C21D9A4C1800883144 /* TileView.m */,
				A66EA6A71D9A4BFD00883144 /* AppDelegate.h */,
				A66EA6A81D9A4BFD00883144 /* AppDelegate.m */,
				A66EA6AA1D9A4BFD00883144 /* ViewController.h */,
				A66EA6AB1D9A4BFD00883144 /* ViewController.m */,
				A66EA6AD1D9A4BFD00883144 /* Main.storyboard */,
				A66EA6B01D9A4BFD00883144 /* Assets.xcassets */,
				A66EA6B21D9A4BFD00883144 /* LaunchScreen.storyboard */,
				A66EA6B51D9A4BFD00883144 /* Info.plist */,
				A66EA6A41D9A4BFD00883144 /* Supporting Files */,
			);
			path = UberLaunchAnimating_OC;
			sourceTree = "<group>";
		};
		A66EA6A41D9A4BFD00883144 /* Supporting Files */ = {
			isa = PBXGroup;
			children = (
				A66EA6A51D9A4BFD00883144 /* main.m */,
			);
			name = "Supporting Files";
			sourceTree = "<group>";
		};
/* End PBXGroup section */

/* Begin PBXNativeTarget section */
		A66EA6A01D9A4BFD00883144 /* UberLaunchAnimating_OC */ = {
			isa = PBXNativeTarget;
			buildConfigurationList = A66EA6B81D9A4BFD00883144 /* Build configuration list for PBXNativeTarget "UberLaunchAnimating_OC" */;
			buildPhases = (
				A66EA69D1D9A4BFD00883144 /* Sources */,
				A66EA69E1D9A4BFD00883144 /* Frameworks */,
				A66EA69F1D9A4BFD00883144 /* Resources */,
			);
			buildRules = (
			);
			dependencies = (
			);
			name = UberLaunchAnimating_OC;
			productName = UberLaunchAnimating_OC;
			productReference = A66EA6A11D9A4BFD00883144 /* UberLaunchAnimating_OC.app */;
			productType = "com.apple.product-type.application";
		};
/* End PBXNativeTarget section */

/* Begin PBXProject section */
		A66EA6991D9A4BFD00883144 /* Project object */ = {
			isa = PBXProject;
			attributes = {
				LastUpgradeCheck = 0800;
				ORGANIZATIONNAME = JimmyOu;
				TargetAttributes = {
					A66EA6A01D9A4BFD00883144 = {
						CreatedOnToolsVersion = 8.0;
						DevelopmentTeam = 3G8QFYT436;
						ProvisioningStyle = Automatic;
					};
				};
			};
			buildConfigurationList = A66EA69C1D9A4BFD00883144 /* Build configuration list for PBXProject "UberLaunchAnimating_OC" */;
			compatibilityVersion = "Xcode 3.2";
			developmentRegion = English;
			hasScannedForEncodings = 0;
			knownRegions = (
				en,
				Base,
			);
			mainGroup = A66EA6981D9A4BFD00883144;
			productRefGroup = A66EA6A21D9A4BFD00883144 /* Products */;
			projectDirPath = "";
			projectRoot = "";
			targets = (
				A66EA6A01D9A4BFD00883144 /* UberLaunchAnimating_OC */,
			);
		};
/* End PBXProject section */

/* Begin PBXResourcesBuildPhase section */
		A66EA69F1D9A4BFD00883144 /* Resources */ = {
			isa = PBXResourcesBuildPhase;
			buildActionMask = 2147483647;
			files = (
				A66EA6B41D9A4BFD00883144 /* LaunchScreen.storyboard in Resources */,
				A66EA6B11D9A4BFD00883144 /* Assets.xcassets in Resources */,
				A66EA6AF1D9A4BFD00883144 /* Main.storyboard in Resources */,
			);
			runOnlyForDeploymentPostprocessing = 0;
		};
/* End PBXResourcesBuildPhase section */

/* Begin PBXSourcesBuildPhase section */
		A66EA69D1D9A4BFD00883144 /* Sources */ = {
			isa = PBXSourcesBuildPhase;
			buildActionMask = 2147483647;
			files = (
				A66EA6C61D9A4C1800883144 /* TileView.m in Sources */,
				A66EA6C41D9A4C1800883144 /* AnimatedULogoView.m in Sources */,
				A66EA6AC1D9A4BFD00883144 /* ViewController.m in Sources */,
				A66EA6C51D9A4C1800883144 /* TileGridView.m in Sources */,
				A66EA6A91D9A4BFD00883144 /* AppDelegate.m in Sources */,
				A66EA6C31D9A4C1800883144 /* Contans.m in Sources */,
				A66EA6A61D9A4BFD00883144 /* main.m in Sources */,
			);
			runOnlyForDeploymentPostprocessing = 0;
		};
/* End PBXSourcesBuildPhase section */

/* Begin PBXVariantGroup section */
		A66EA6AD1D9A4BFD00883144 /* Main.storyboard */ = {
			isa = PBXVariantGroup;
			children = (
				A66EA6AE1D9A4BFD00883144 /* Base */,
			);
			name = Main.storyboard;
			sourceTree = "<group>";
		};
		A66EA6B21D9A4BFD00883144 /* LaunchScreen.storyboard */ = {
			isa = PBXVariantGroup;
			children = (
				A66EA6B31D9A4BFD00883144 /* Base */,
			);
			name = LaunchScreen.storyboard;
			sourceTree = "<group>";
		};
/* End PBXVariantGroup section */

/* Begin XCBuildConfiguration section */
		A66EA6B61D9A4BFD00883144 /* Debug */ = {
			isa = XCBuildConfiguration;
			buildSettings = {
				ALWAYS_SEARCH_USER_PATHS = NO;
				CLANG_ANALYZER_NONNULL = YES;
				CLANG_CXX_LANGUAGE_STANDARD = "gnu++0x";
				CLANG_CXX_LIBRARY = "libc++";
				CLANG_ENABLE_MODULES = YES;
				CLANG_ENABLE_OBJC_ARC = YES;
				CLANG_WARN_BOOL_CONVERSION = YES;
				CLANG_WARN_CONSTANT_CONVERSION = YES;
				CLANG_WARN_DIRECT_OBJC_ISA_USAGE = YES_ERROR;
				CLANG_WARN_DOCUMENTATION_COMMENTS = YES;
				CLANG_WARN_EMPTY_BODY = YES;
				CLANG_WARN_ENUM_CONVERSION = YES;
				CLANG_WARN_INFINITE_RECURSION = YES;
				CLANG_WARN_INT_CONVERSION = YES;
				CLANG_WARN_OBJC_ROOT_CLASS = YES_ERROR;
				CLANG_WARN_SUSPICIOUS_MOVES = YES;
				CLANG_WARN_UNREACHABLE_CODE = YES;
				CLANG_WARN__DUPLICATE_METHOD_MATCH = YES;
				"CODE_SIGN_IDENTITY[sdk=iphoneos*]" = "iPhone Developer";
				COPY_PHASE_STRIP = NO;
				DEBUG_INFORMATION_FORMAT = dwarf;
				ENABLE_STRICT_OBJC_MSGSEND = YES;
				ENABLE_TESTABILITY = YES;
				GCC_C_LANGUAGE_STANDARD = gnu99;
				GCC_DYNAMIC_NO_PIC = NO;
				GCC_NO_COMMON_BLOCKS = YES;
				GCC_OPTIMIZATION_LEVEL = 0;
				GCC_PREPROCESSOR_DEFINITIONS = (
					"DEBUG=1",
					"$(inherited)",
				);
				GCC_WARN_64_TO_32_BIT_CONVERSION = YES;
				GCC_WARN_ABOUT_RETURN_TYPE = YES_ERROR;
				GCC_WARN_UNDECLARED_SELECTOR = YES;
				GCC_WARN_UNINITIALIZED_AUTOS = YES_AGGRESSIVE;
				GCC_WARN_UNUSED_FUNCTION = YES;
				GCC_WARN_UNUSED_VARIABLE = YES;
				IPHONEOS_DEPLOYMENT_TARGET = 10.0;
				MTL_ENABLE_DEBUG_INFO = YES;
				ONLY_ACTIVE_ARCH = YES;
				SDKROOT = iphoneos;
				TARGETED_DEVICE_FAMILY = "1,2";
			};
			name = Debug;
		};
		A66EA6B71D9A4BFD00883144 /* Release */ = {
			isa = XCBuildConfiguration;
			buildSettings = {
				ALWAYS_SEARCH_USER_PATHS = NO;
				CLANG_ANALYZER_NONNULL = YES;
				CLANG_CXX_LANGUAGE_STANDARD = "gnu++0x";
				CLANG_CXX_LIBRARY = "libc++";
				CLANG_ENABLE_MODULES = YES;
				CLANG_ENABLE_OBJC_ARC = YES;
				CLANG_WARN_BOOL_CONVERSION = YES;
				CLANG_WARN_CONSTANT_CONVERSION = YES;
				CLANG_WARN_DIRECT_OBJC_ISA_USAGE = YES_ERROR;
				CLANG_WARN_DOCUMENTATION_COMMENTS = YES;
				CLANG_WARN_EMPTY_BODY = YES;
				CLANG_WARN_ENUM_CONVERSION = YES;
				CLANG_WARN_INFINITE_RECURSION = YES;
				CLANG_WARN_INT_CONVERSION = YES;
				CLANG_WARN_OBJC_ROOT_CLASS = YES_ERROR;
				CLANG_WARN_SUSPICIOUS_MOVES = YES;
				CLANG_WARN_UNREACHABLE_CODE = YES;
				CLANG_WARN__DUPLICATE_METHOD_MATCH = YES;
				"CODE_SIGN_IDENTITY[sdk=iphoneos*]" = "iPhone Developer";
				COPY_PHASE_STRIP = NO;
				DEBUG_INFORMATION_FORMAT = "dwarf-with-dsym";
				ENABLE_NS_ASSERTIONS = NO;
				ENABLE_STRICT_OBJC_MSGSEND = YES;
				GCC_C_LANGUAGE_STANDARD = gnu99;
				GCC_NO_COMMON_BLOCKS = YES;
				GCC_WARN_64_TO_32_BIT_CONVERSION = YES;
				GCC_WARN_ABOUT_RETURN_TYPE = YES_ERROR;
				GCC_WARN_UNDECLARED_SELECTOR = YES;
				GCC_WARN_UNINITIALIZED_AUTOS = YES_AGGRESSIVE;
				GCC_WARN_UNUSED_FUNCTION = YES;
				GCC_WARN_UNUSED_VARIABLE = YES;
				IPHONEOS_DEPLOYMENT_TARGET = 10.0;
				MTL_ENABLE_DEBUG_INFO = NO;
				SDKROOT = iphoneos;
				TARGETED_DEVICE_FAMILY = "1,2";
				VALIDATE_PRODUCT = YES;
			};
			name = Release;
		};
		A66EA6B91D9A4BFD00883144 /* Debug */ = {
			isa = XCBuildConfiguration;
			buildSettings = {
				ASSETCATALOG_COMPILER_APPICON_NAME = AppIcon;
				DEVELOPMENT_TEAM = 3G8QFYT436;
				INFOPLIST_FILE = UberLaunchAnimating_OC/Info.plist;
				LD_RUNPATH_SEARCH_PATHS = "$(inherited) @executable_path/Frameworks";
				PRODUCT_BUNDLE_IDENTIFIER = "com.JimmyOu.UberLaunchAnimating-OC";
				PRODUCT_NAME = "$(TARGET_NAME)";
			};
			name = Debug;
		};
		A66EA6BA1D9A4BFD00883144 /* Release */ = {
			isa = XCBuildConfiguration;
			buildSettings = {
				ASSETCATALOG_COMPILER_APPICON_NAME = AppIcon;
				DEVELOPMENT_TEAM = 3G8QFYT436;
				INFOPLIST_FILE = UberLaunchAnimating_OC/Info.plist;
				LD_RUNPATH_SEARCH_PATHS = "$(inherited) @executable_path/Frameworks";
				PRODUCT_BUNDLE_IDENTIFIER = "com.JimmyOu.UberLaunchAnimating-OC";
				PRODUCT_NAME = "$(TARGET_NAME)";
			};
			name = Release;
		};
/* End XCBuildConfiguration section */

/* Begin XCConfigurationList section */
		A66EA69C1D9A4BFD00883144 /* Build configuration list for PBXProject "UberLaunchAnimating_OC" */ = {
			isa = XCConfigurationList;
			buildConfigurations = (
				A66EA6B61D9A4BFD00883144 /* Debug */,
				A66EA6B71D9A4BFD00883144 /* Release */,
			);
			defaultConfigurationIsVisible = 0;
			defaultConfigurationName = Release;
		};
		A66EA6B81D9A4BFD00883144 /* Build configuration list for PBXNativeTarget "UberLaunchAnimating_OC" */ = {
			isa = XCConfigurationList;
			buildConfigurations = (
				A66EA6B91D9A4BFD00883144 /* Debug */,
				A66EA6BA1D9A4BFD00883144 /* Release */,
			);
			defaultConfigurationIsVisible = 0;
		};
/* End XCConfigurationList section */
	};
	rootObject = A66EA6991D9A4BFD00883144 /* Project object */;
}
